
Microsoft Visual Studio Solution File, Format Version 12.00
# Visual Studio Version 17
VisualStudioVersion = 17.2.32526.322
MinimumVisualStudioVersion = 10.0.40219.1
Project("{9A19103F-16F7-4668-BE54-9A1E7A4F7556}") = "13-2", "13-2.csproj", "{40940DE1-BDF4-433E-B6E3-36B7DA9212C8}"
EndProject
Global
	GlobalSection(SolutionConfigurationPlatforms) = preSolution
		Debug|Any CPU = Debug|Any CPU
		Release|Any CPU = Release|Any CPU
	EndGlobalSection
	GlobalSection(ProjectConfigurationPlatforms) = postSolution
		{40940DE1-BDF4-433E-B6E3-36B7DA9212C8}.Debug|Any CPU.ActiveCfg = Debug|Any CPU
		{40940DE1-BDF4-433E-B6E3-36B7DA9212C8}.Debug|Any CPU.Build.0 = Debug|Any CPU
		{40940DE1-BDF4-433E-B6E3-36B7DA9212C8}.Release|Any CPU.ActiveCfg = Release|Any CPU
		{40940DE1-BDF4-433E-B6E3-36B7DA9212C8}.Release|Any CPU.Build.0 = Release|Any CPU
	EndGlobalSection
	GlobalSection(SolutionProperties) = preSolution
		HideSolutionNode = FALSE
	EndGlobalSection
	GlobalSection(ExtensibilityGlobals) = postSolution
		SolutionGuid = {85A97547-BF09-4EAC-A6F6-7376EC73A14B}
	EndGlobalSection
EndGlobal
